
Microsoft Visual Studio Solution File, Format Version 12.00
# Visual Studio Version 16
VisualStudioVersion = 16.0.30114.105
MinimumVisualStudioVersion = 10.0.40219.1
Project("{2150E333-8FDC-42A3-9474-1A3956D46DE8}") = "RentalsService", "RentalsService", "{9BAB9DE9-F457-475E-A1F6-02CD43D9B8E2}"
EndProject
Project("{FAE04EC0-301F-11D3-BF4B-00C04F79EFBC}") = "RentalService.Api", "RentalService\RentalService.Api\RentalService.Api.csproj", "{02DCC6D6-9436-4FAE-B7BD-0B527A3371B6}"
EndProject
Project("{FAE04EC0-301F-11D3-BF4B-00C04F79EFBC}") = "RentalService.Application", "RentalService\RentalService.Application\RentalService.Application.csproj", "{FF87A5E0-A89C-43CF-A8EC-64A0AF3DA102}"
EndProject
Project("{FAE04EC0-301F-11D3-BF4B-00C04F79EFBC}") = "RentalService.Core", "RentalService\RentalService.Core\RentalService.Core.csproj", "{B748A96E-C154-4C12-88AE-8A6508D8F4C0}"
EndProject
Project("{FAE04EC0-301F-11D3-BF4B-00C04F79EFBC}") = "RentalService.Infrastructure", "RentalService\RentalService.Infrastructure\RentalService.Infrastructure.csproj", "{0C6AA8D8-F18C-4736-9474-6F190729C74E}"
EndProject
Project("{2150E333-8FDC-42A3-9474-1A3956D46DE8}") = "CarsService", "CarsService", "{37047B3F-179C-46FC-AB9C-5EC8BCFD6BF7}"
EndProject
Project("{FAE04EC0-301F-11D3-BF4B-00C04F79EFBC}") = "CarsService.Api", "CarsService\CarsService.Api\CarsService.Api.csproj", "{ACF44294-E138-4E75-AB78-CEABA409FBDB}"
EndProject
Project("{FAE04EC0-301F-11D3-BF4B-00C04F79EFBC}") = "CarsService.Core", "CarsService\CarsService.Core\CarsService.Core.csproj", "{8F2D210C-D2AF-4892-A049-9CD53EEF1B09}"
EndProject
Project("{FAE04EC0-301F-11D3-BF4B-00C04F79EFBC}") = "CarsService.Application", "CarsService\CarsService.Application\CarsService.Application.csproj", "{DC20B004-4CE3-45DB-A80D-863E6D229607}"
EndProject
Project("{FAE04EC0-301F-11D3-BF4B-00C04F79EFBC}") = "CarsService.Infrastructure", "CarsService\CarsService.Infrastructure\CarsService.Infrastructure.csproj", "{F6EA8148-B390-4C30-8DF7-9B38F4A0F955}"
EndProject
Project("{2150E333-8FDC-42A3-9474-1A3956D46DE8}") = "UsersService", "UsersService", "{67A3DC46-B387-400A-B22A-7533975A8DAF}"
EndProject
Project("{FAE04EC0-301F-11D3-BF4B-00C04F79EFBC}") = "UsersService.Api", "UsersService\UsersService.Api\UsersService.Api.csproj", "{A42E573C-549C-472E-BD87-600BC4BF17AD}"
EndProject
Project("{FAE04EC0-301F-11D3-BF4B-00C04F79EFBC}") = "UsersService.Application", "UsersService\UsersService.Application\UsersService.Application.csproj", "{AFF23764-25CD-4864-8603-0F2A996BCF02}"
EndProject
Project("{FAE04EC0-301F-11D3-BF4B-00C04F79EFBC}") = "UsersService.Core", "UsersService\UsersService.Core\UsersService.Core.csproj", "{D26ED88F-BDD3-4131-995D-970033735794}"
EndProject
Project("{FAE04EC0-301F-11D3-BF4B-00C04F79EFBC}") = "UsersService.Infrastructure", "UsersService\UsersService.Infrastructure\UsersService.Infrastructure.csproj", "{2F594411-7D5D-4A50-99A2-F6913D9F0767}"
EndProject
Global
	GlobalSection(SolutionConfigurationPlatforms) = preSolution
		Debug|Any CPU = Debug|Any CPU
		Release|Any CPU = Release|Any CPU
	EndGlobalSection
	GlobalSection(SolutionProperties) = preSolution
		HideSolutionNode = FALSE
	EndGlobalSection
	GlobalSection(NestedProjects) = preSolution
		{02DCC6D6-9436-4FAE-B7BD-0B527A3371B6} = {9BAB9DE9-F457-475E-A1F6-02CD43D9B8E2}
		{FF87A5E0-A89C-43CF-A8EC-64A0AF3DA102} = {9BAB9DE9-F457-475E-A1F6-02CD43D9B8E2}
		{B748A96E-C154-4C12-88AE-8A6508D8F4C0} = {9BAB9DE9-F457-475E-A1F6-02CD43D9B8E2}
		{0C6AA8D8-F18C-4736-9474-6F190729C74E} = {9BAB9DE9-F457-475E-A1F6-02CD43D9B8E2}
		{ACF44294-E138-4E75-AB78-CEABA409FBDB} = {37047B3F-179C-46FC-AB9C-5EC8BCFD6BF7}
		{8F2D210C-D2AF-4892-A049-9CD53EEF1B09} = {37047B3F-179C-46FC-AB9C-5EC8BCFD6BF7}
		{DC20B004-4CE3-45DB-A80D-863E6D229607} = {37047B3F-179C-46FC-AB9C-5EC8BCFD6BF7}
		{F6EA8148-B390-4C30-8DF7-9B38F4A0F955} = {37047B3F-179C-46FC-AB9C-5EC8BCFD6BF7}
		{A42E573C-549C-472E-BD87-600BC4BF17AD} = {67A3DC46-B387-400A-B22A-7533975A8DAF}
		{AFF23764-25CD-4864-8603-0F2A996BCF02} = {67A3DC46-B387-400A-B22A-7533975A8DAF}
		{D26ED88F-BDD3-4131-995D-970033735794} = {67A3DC46-B387-400A-B22A-7533975A8DAF}
		{2F594411-7D5D-4A50-99A2-F6913D9F0767} = {67A3DC46-B387-400A-B22A-7533975A8DAF}
	EndGlobalSection
	GlobalSection(ProjectConfigurationPlatforms) = postSolution
		{02DCC6D6-9436-4FAE-B7BD-0B527A3371B6}.Debug|Any CPU.ActiveCfg = Debug|Any CPU
		{02DCC6D6-9436-4FAE-B7BD-0B527A3371B6}.Debug|Any CPU.Build.0 = Debug|Any CPU
		{02DCC6D6-9436-4FAE-B7BD-0B527A3371B6}.Release|Any CPU.ActiveCfg = Release|Any CPU
		{02DCC6D6-9436-4FAE-B7BD-0B527A3371B6}.Release|Any CPU.Build.0 = Release|Any CPU
		{FF87A5E0-A89C-43CF-A8EC-64A0AF3DA102}.Debug|Any CPU.ActiveCfg = Debug|Any CPU
		{FF87A5E0-A89C-43CF-A8EC-64A0AF3DA102}.Debug|Any CPU.Build.0 = Debug|Any CPU
		{FF87A5E0-A89C-43CF-A8EC-64A0AF3DA102}.Release|Any CPU.ActiveCfg = Release|Any CPU
		{FF87A5E0-A89C-43CF-A8EC-64A0AF3DA102}.Release|Any CPU.Build.0 = Release|Any CPU
		{B748A96E-C154-4C12-88AE-8A6508D8F4C0}.Debug|Any CPU.ActiveCfg = Debug|Any CPU
		{B748A96E-C154-4C12-88AE-8A6508D8F4C0}.Debug|Any CPU.Build.0 = Debug|Any CPU
		{B748A96E-C154-4C12-88AE-8A6508D8F4C0}.Release|Any CPU.ActiveCfg = Release|Any CPU
		{B748A96E-C154-4C12-88AE-8A6508D8F4C0}.Release|Any CPU.Build.0 = Release|Any CPU
		{0C6AA8D8-F18C-4736-9474-6F190729C74E}.Debug|Any CPU.ActiveCfg = Debug|Any CPU
		{0C6AA8D8-F18C-4736-9474-6F190729C74E}.Debug|Any CPU.Build.0 = Debug|Any CPU
		{0C6AA8D8-F18C-4736-9474-6F190729C74E}.Release|Any CPU.ActiveCfg = Release|Any CPU
		{0C6AA8D8-F18C-4736-9474-6F190729C74E}.Release|Any CPU.Build.0 = Release|Any CPU
		{ACF44294-E138-4E75-AB78-CEABA409FBDB}.Debug|Any CPU.ActiveCfg = Debug|Any CPU
		{ACF44294-E138-4E75-AB78-CEABA409FBDB}.Debug|Any CPU.Build.0 = Debug|Any CPU
		{ACF44294-E138-4E75-AB78-CEABA409FBDB}.Release|Any CPU.ActiveCfg = Release|Any CPU
		{ACF44294-E138-4E75-AB78-CEABA409FBDB}.Release|Any CPU.Build.0 = Release|Any CPU
		{8F2D210C-D2AF-4892-A049-9CD53EEF1B09}.Debug|Any CPU.ActiveCfg = Debug|Any CPU
		{8F2D210C-D2AF-4892-A049-9CD53EEF1B09}.Debug|Any CPU.Build.0 = Debug|Any CPU
		{8F2D210C-D2AF-4892-A049-9CD53EEF1B09}.Release|Any CPU.ActiveCfg = Release|Any CPU
		{8F2D210C-D2AF-4892-A049-9CD53EEF1B09}.Release|Any CPU.Build.0 = Release|Any CPU
		{DC20B004-4CE3-45DB-A80D-863E6D229607}.Debug|Any CPU.ActiveCfg = Debug|Any CPU
		{DC20B004-4CE3-45DB-A80D-863E6D229607}.Debug|Any CPU.Build.0 = Debug|Any CPU
		{DC20B004-4CE3-45DB-A80D-863E6D229607}.Release|Any CPU.ActiveCfg = Release|Any CPU
		{DC20B004-4CE3-45DB-A80D-863E6D229607}.Release|Any CPU.Build.0 = Release|Any CPU
		{F6EA8148-B390-4C30-8DF7-9B38F4A0F955}.Debug|Any CPU.ActiveCfg = Debug|Any CPU
		{F6EA8148-B390-4C30-8DF7-9B38F4A0F955}.Debug|Any CPU.Build.0 = Debug|Any CPU
		{F6EA8148-B390-4C30-8DF7-9B38F4A0F955}.Release|Any CPU.ActiveCfg = Release|Any CPU
		{F6EA8148-B390-4C30-8DF7-9B38F4A0F955}.Release|Any CPU.Build.0 = Release|Any CPU
		{A42E573C-549C-472E-BD87-600BC4BF17AD}.Debug|Any CPU.ActiveCfg = Debug|Any CPU
		{A42E573C-549C-472E-BD87-600BC4BF17AD}.Debug|Any CPU.Build.0 = Debug|Any CPU
		{A42E573C-549C-472E-BD87-600BC4BF17AD}.Release|Any CPU.ActiveCfg = Release|Any CPU
		{A42E573C-549C-472E-BD87-600BC4BF17AD}.Release|Any CPU.Build.0 = Release|Any CPU
		{AFF23764-25CD-4864-8603-0F2A996BCF02}.Debug|Any CPU.ActiveCfg = Debug|Any CPU
		{AFF23764-25CD-4864-8603-0F2A996BCF02}.Debug|Any CPU.Build.0 = Debug|Any CPU
		{AFF23764-25CD-4864-8603-0F2A996BCF02}.Release|Any CPU.ActiveCfg = Release|Any CPU
		{AFF23764-25CD-4864-8603-0F2A996BCF02}.Release|Any CPU.Build.0 = Release|Any CPU
		{D26ED88F-BDD3-4131-995D-970033735794}.Debug|Any CPU.ActiveCfg = Debug|Any CPU
		{D26ED88F-BDD3-4131-995D-970033735794}.Debug|Any CPU.Build.0 = Debug|Any CPU
		{D26ED88F-BDD3-4131-995D-970033735794}.Release|Any CPU.ActiveCfg = Release|Any CPU
		{D26ED88F-BDD3-4131-995D-970033735794}.Release|Any CPU.Build.0 = Release|Any CPU
		{2F594411-7D5D-4A50-99A2-F6913D9F0767}.Debug|Any CPU.ActiveCfg = Debug|Any CPU
		{2F594411-7D5D-4A50-99A2-F6913D9F0767}.Debug|Any CPU.Build.0 = Debug|Any CPU
		{2F594411-7D5D-4A50-99A2-F6913D9F0767}.Release|Any CPU.ActiveCfg = Release|Any CPU
		{2F594411-7D5D-4A50-99A2-F6913D9F0767}.Release|Any CPU.Build.0 = Release|Any CPU
	EndGlobalSection
EndGlobal
